{"SurveyEntry":{"SurveyID":"SV_432DC8Dpesjwu7Y","SurveyName":"LEBA_short","SurveyDescription":null,"SurveyOwnerID":"UR_8uLi16Sp4v5qgzr","SurveyBrandID":"monash","DivisionID":null,"SurveyLanguage":"EN","SurveyActiveResponseSet":"RS_0qhp0oMb7qpwitU","SurveyStatus":"Inactive","SurveyStartDate":"0000-00-00 00:00:00","SurveyExpirationDate":"0000-00-00 00:00:00","SurveyCreationDate":"2021-10-29 06:55:43","CreatorID":"UR_8uLi16Sp4v5qgzr","LastModified":"2021-10-29 07:04:03","LastAccessed":"0000-00-00 00:00:00","LastActivated":"0000-00-00 00:00:00","Deleted":null},"SurveyElements":[{"SurveyID":"SV_432DC8Dpesjwu7Y","Element":"BL","PrimaryAttribute":"Survey Blocks","SecondaryAttribute":null,"TertiaryAttribute":null,"Payload":{"1":{"Type":"Trash","Description":"Trash \/ Unused Questions","ID":"BL_55fYzT0sruV0NMy","BlockElements":[]},"3":{"Type":"Standard","SubType":"","Description":"LEBA","ID":"BL_eb3ZU8c90Nc4YxE","BlockElements":[{"Type":"Question","QuestionID":"QID28"},{"Type":"Question","QuestionID":"QID29"},{"Type":"Question","QuestionID":"QID30"},{"Type":"Question","QuestionID":"QID31"},{"Type":"Question","QuestionID":"QID32"},{"Type":"Question","QuestionID":"QID34"},{"Type":"Question","QuestionID":"QID35"},{"Type":"Question","QuestionID":"QID36"},{"Type":"Question","QuestionID":"QID37"},{"Type":"Question","QuestionID":"QID38"},{"Type":"Question","QuestionID":"QID39"},{"Type":"Question","QuestionID":"QID40"},{"Type":"Question","QuestionID":"QID43"},{"Type":"Question","QuestionID":"QID44"},{"Type":"Question","QuestionID":"QID46"},{"Type":"Question","QuestionID":"QID47"},{"Type":"Question","QuestionID":"QID48"},{"Type":"Question","QuestionID":"QID50"}],"Options":{"BlockLocking":false,"RandomizeQuestions":"false","BlockVisibility":"Expanded"}}}},{"SurveyID":"SV_432DC8Dpesjwu7Y","Element":"FL","PrimaryAttribute":"Survey Flow","SecondaryAttribute":null,"TertiaryAttribute":null,"Payload":{"Flow":[{"ID":"BL_eb3ZU8c90Nc4YxE","Type":"Standard","FlowID":"FL_3"}],"Properties":{"Count":3},"FlowID":"FL_1","Type":"Root"}},{"SurveyID":"SV_432DC8Dpesjwu7Y","Element":"SO","PrimaryAttribute":"Survey Options","SecondaryAttribute":null,"TertiaryAttribute":null,"Payload":{"BackButton":"false","SaveAndContinue":"true","SurveyProtection":"PublicSurvey","BallotBoxStuffingPrevention":"false","NoIndex":"Yes","SecureResponseFiles":"true","SurveyExpiration":"None","SurveyTermination":"DefaultMessage","Header":"","Footer":"","ProgressBarDisplay":"None","PartialData":"+1 week","ValidationMessage":"","PreviousButton":"","NextButton":"","SurveyTitle":"Qualtrics Survey | Qualtrics Experience Management","SkinLibrary":"monash","SkinType":"MQ","Skin":"monash1","NewScoring":1,"SurveyName":"LEBA_short"}},{"SurveyID":"SV_432DC8Dpesjwu7Y","Element":"SCO","PrimaryAttribute":"Scoring","SecondaryAttribute":null,"TertiaryAttribute":null,"Payload":{"ScoringCategories":[],"ScoringCategoryGroups":[],"ScoringSummaryCategory":null,"ScoringSummaryAfterQuestions":0,"ScoringSummaryAfterSurvey":0,"DefaultScoringCategory":null,"AutoScoringCategory":null}},{"SurveyID":"SV_432DC8Dpesjwu7Y","Element":"PROJ","PrimaryAttribute":"CORE","SecondaryAttribute":null,"TertiaryAttribute":"1.1.0","Payload":{"ProjectCategory":"CORE","SchemaVersion":"1.1.0"}},{"SurveyID":"SV_432DC8Dpesjwu7Y","Element":"STAT","PrimaryAttribute":"Survey Statistics","SecondaryAttribute":null,"TertiaryAttribute":null,"Payload":{"MobileCompatible":true,"ID":"Survey Statistics"}},{"SurveyID":"SV_432DC8Dpesjwu7Y","Element":"QC","PrimaryAttribute":"Survey Question Count","SecondaryAttribute":"51","TertiaryAttribute":null,"Payload":null},{"SurveyID":"SV_432DC8Dpesjwu7Y","Element":"RS","PrimaryAttribute":"RS_0qhp0oMb7qpwitU","SecondaryAttribute":"Default Response Set","TertiaryAttribute":null,"Payload":null},{"SurveyID":"SV_432DC8Dpesjwu7Y","Element":"SQ","PrimaryAttribute":"QID40","SecondaryAttribute":"I check my phone when I wake up at night","TertiaryAttribute":null,"Payload":{"QuestionText":"I check my phone when I wake up at night","DefaultChoices":false,"QuestionType":"MC","Selector":"SAVR","SubSelector":"TX","Configuration":{"QuestionDescriptionOption":"UseText"},"QuestionDescription":"I check my phone when I wake up at night","Choices":{"1":{"Display":"Never\/Does not apply\/I don\u2019t know"},"2":{"Display":"Rarely"},"3":{"Display":"Sometimes"},"4":{"Display":"Often"},"5":{"Display":"Always"}},"ChoiceOrder":[1,2,3,4,5],"Validation":{"Settings":{"ForceResponse":"ON","ForceResponseType":"ON","Type":"None"}},"GradingData":[],"Language":[],"NextChoiceId":6,"NextAnswerId":1,"QuestionText_Unsafe":"I check my phone when I wake up at night","DataVisibility":{"Private":false,"Hidden":false},"DataExportTag":"Q12","QuestionID":"QID40"}},{"SurveyID":"SV_432DC8Dpesjwu7Y","Element":"SQ","PrimaryAttribute":"QID46","SecondaryAttribute":"I dim my computer screen within 1 hour before attempting to fall asleep","TertiaryAttribute":null,"Payload":{"QuestionText":"I dim my computer screen within 1 hour before attempting to fall asleep","DefaultChoices":false,"QuestionType":"MC","Selector":"SAVR","SubSelector":"TX","Configuration":{"QuestionDescriptionOption":"UseText"},"QuestionDescription":"I dim my computer screen within 1 hour before attempting to fall asleep","Choices":{"1":{"Display":"Never\/Does not apply\/I don\u2019t know"},"2":{"Display":"Rarely"},"3":{"Display":"Sometimes"},"4":{"Display":"Often"},"5":{"Display":"Always"}},"ChoiceOrder":[1,2,3,4,5],"Validation":{"Settings":{"ForceResponse":"ON","ForceResponseType":"ON","Type":"None"}},"GradingData":[],"Language":[],"NextChoiceId":6,"NextAnswerId":1,"QuestionText_Unsafe":"I dim my computer screen within 1 hour before attempting to fall asleep","DataVisibility":{"Private":false,"Hidden":false},"DataExportTag":"Q15","QuestionID":"QID46"}},{"SurveyID":"SV_432DC8Dpesjwu7Y","Element":"SQ","PrimaryAttribute":"QID43","SecondaryAttribute":"I dim my mobile phone screen within 1 hour before attempting to fall asleep","TertiaryAttribute":null,"Payload":{"QuestionText":"I dim my mobile phone screen within 1 hour before attempting to fall asleep","DefaultChoices":false,"QuestionType":"MC","Selector":"SAVR","SubSelector":"TX","Configuration":{"QuestionDescriptionOption":"UseText"},"QuestionDescription":"I dim my mobile phone screen within 1 hour before attempting to fall asleep","Choices":{"1":{"Display":"Never\/Does not apply\/I don\u2019t know"},"2":{"Display":"Rarely"},"3":{"Display":"Sometimes"},"4":{"Display":"Often"},"5":{"Display":"Always"}},"ChoiceOrder":[1,2,3,4,5],"Validation":{"Settings":{"ForceResponse":"ON","ForceResponseType":"ON","Type":"None"}},"GradingData":[],"Language":[],"NextChoiceId":6,"NextAnswerId":1,"QuestionText_Unsafe":"I dim my mobile phone screen within 1 hour before attempting to fall asleep","DataVisibility":{"Private":false,"Hidden":false},"DataExportTag":"Q13","QuestionID":"QID43"}},{"SurveyID":"SV_432DC8Dpesjwu7Y","Element":"SQ","PrimaryAttribute":"QID37","SecondaryAttribute":"I go for a walk or exercise outside within 2 hours after waking up","TertiaryAttribute":null,"Payload":{"QuestionText":"I go for a walk or exercise outside within 2 hours after waking up","DefaultChoices":false,"QuestionType":"MC","Selector":"SAVR","SubSelector":"TX","Configuration":{"QuestionDescriptionOption":"UseText"},"QuestionDescription":"I go for a walk or exercise outside within 2 hours after waking up","Choices":{"1":{"Display":"Never\/Does not apply\/I don\u2019t know"},"2":{"Display":"Rarely"},"3":{"Display":"Sometimes"},"4":{"Display":"Often"},"5":{"Display":"Always"}},"ChoiceOrder":[1,2,3,4,5],"Validation":{"Settings":{"ForceResponse":"ON","ForceResponseType":"ON","Type":"None"}},"GradingData":[],"Language":[],"NextChoiceId":6,"NextAnswerId":1,"QuestionText_Unsafe":"I go for a walk or exercise outside within 2 hours after waking up","DataVisibility":{"Private":false,"Hidden":false},"DataExportTag":"Q9","QuestionID":"QID37"}},{"SurveyID":"SV_432DC8Dpesjwu7Y","Element":"SQ","PrimaryAttribute":"QID39","SecondaryAttribute":"I look at my mobile phone screen immediately after waking up","TertiaryAttribute":null,"Payload":{"QuestionText":"I look at my mobile phone screen immediately after waking up","DefaultChoices":false,"QuestionType":"MC","Selector":"SAVR","SubSelector":"TX","Configuration":{"QuestionDescriptionOption":"UseText"},"QuestionDescription":"I look at my mobile phone screen immediately after waking up","Choices":{"1":{"Display":"Never\/Does not apply\/I don\u2019t know"},"2":{"Display":"Rarely"},"3":{"Display":"Sometimes"},"4":{"Display":"Often"},"5":{"Display":"Always"}},"ChoiceOrder":[1,2,3,4,5],"Validation":{"Settings":{"ForceResponse":"ON","ForceResponseType":"ON","Type":"None"}},"GradingData":[],"Language":[],"NextChoiceId":6,"NextAnswerId":1,"QuestionText_Unsafe":"I look at my mobile phone screen immediately after waking up","DataVisibility":{"Private":false,"Hidden":false},"DataExportTag":"Q11","QuestionID":"QID39"}},{"SurveyID":"SV_432DC8Dpesjwu7Y","Element":"SQ","PrimaryAttribute":"QID32","SecondaryAttribute":"I spend 30 minutes or less per day (in total) outside","TertiaryAttribute":null,"Payload":{"QuestionText":"I spend 30 minutes or less per day (in total) outside","DefaultChoices":false,"QuestionType":"MC","Selector":"SAVR","SubSelector":"TX","Configuration":{"QuestionDescriptionOption":"UseText"},"QuestionDescription":"I spend 30 minutes or less per day (in total) outside","Choices":{"1":{"Display":"Never\/Does not apply\/I don\u2019t know"},"2":{"Display":"Rarely"},"3":{"Display":"Sometimes"},"4":{"Display":"Often"},"5":{"Display":"Always"}},"ChoiceOrder":[1,2,3,4,5],"Validation":{"Settings":{"ForceResponse":"ON","ForceResponseType":"ON","Type":"None"}},"GradingData":[],"Language":[],"NextChoiceId":6,"NextAnswerId":1,"QuestionText_Unsafe":"I spend 30 minutes or less per day (in total) outside","DataVisibility":{"Private":false,"Hidden":false},"DataExportTag":"Q5","QuestionID":"QID32"}},{"SurveyID":"SV_432DC8Dpesjwu7Y","Element":"SQ","PrimaryAttribute":"QID36","SecondaryAttribute":"I spend as much time outside as possible","TertiaryAttribute":null,"Payload":{"QuestionText":"I spend as much time outside as possible","DefaultChoices":false,"QuestionType":"MC","Selector":"SAVR","SubSelector":"TX","Configuration":{"QuestionDescriptionOption":"UseText"},"QuestionDescription":"I spend as much time outside as possible","Choices":{"1":{"Display":"Never\/Does not apply\/I don\u2019t know"},"2":{"Display":"Rarely"},"3":{"Display":"Sometimes"},"4":{"Display":"Often"},"5":{"Display":"Always"}},"ChoiceOrder":[1,2,3,4,5],"Validation":{"Settings":{"ForceResponse":"ON","ForceResponseType":"ON","Type":"None"}},"GradingData":[],"Language":[],"NextChoiceId":6,"NextAnswerId":1,"QuestionText_Unsafe":"I spend as much time outside as possible","DataVisibility":{"Private":false,"Hidden":false},"DataExportTag":"Q8","QuestionID":"QID36"}},{"SurveyID":"SV_432DC8Dpesjwu7Y","Element":"SQ","PrimaryAttribute":"QID34","SecondaryAttribute":"I spend between 1 and 3 hours per day (in total) outside","TertiaryAttribute":null,"Payload":{"QuestionText":"I spend between 1 and 3 hours per day (in total) outside","DefaultChoices":false,"QuestionType":"MC","Selector":"SAVR","SubSelector":"TX","Configuration":{"QuestionDescriptionOption":"UseText"},"QuestionDescription":"I spend between 1 and 3 hours per day (in total) outside","Choices":{"1":{"Display":"Never\/Does not apply\/I don\u2019t know"},"2":{"Display":"Rarely"},"3":{"Display":"Sometimes"},"4":{"Display":"Often"},"5":{"Display":"Always"}},"ChoiceOrder":[1,2,3,4,5],"Validation":{"Settings":{"ForceResponse":"ON","ForceResponseType":"ON","Type":"None"}},"GradingData":[],"Language":[],"NextChoiceId":6,"NextAnswerId":1,"QuestionText_Unsafe":"I spend between 1 and 3 hours per day (in total) outside","DataVisibility":{"Private":false,"Hidden":false},"DataExportTag":"Q6","QuestionID":"QID34"}},{"SurveyID":"SV_432DC8Dpesjwu7Y","Element":"SQ","PrimaryAttribute":"QID35","SecondaryAttribute":"I spend more than 3 hours per day (in total) outside","TertiaryAttribute":null,"Payload":{"QuestionText":"I spend more than 3 hours per day (in total) outside","DefaultChoices":false,"QuestionType":"MC","Selector":"SAVR","SubSelector":"TX","Configuration":{"QuestionDescriptionOption":"UseText"},"QuestionDescription":"I spend more than 3 hours per day (in total) outside","Choices":{"1":{"Display":"Never\/Does not apply\/I don\u2019t know"},"2":{"Display":"Rarely"},"3":{"Display":"Sometimes"},"4":{"Display":"Often"},"5":{"Display":"Always"}},"ChoiceOrder":[1,2,3,4,5],"Validation":{"Settings":{"ForceResponse":"ON","ForceResponseType":"ON","Type":"None"}},"GradingData":[],"Language":[],"NextChoiceId":6,"NextAnswerId":1,"QuestionText_Unsafe":"I spend more than 3 hours per day (in total) outside","DataVisibility":{"Private":false,"Hidden":false},"DataExportTag":"Q7","QuestionID":"QID35"}},{"SurveyID":"SV_432DC8Dpesjwu7Y","Element":"SQ","PrimaryAttribute":"QID44","SecondaryAttribute":"I use a blue-filter app on my computer screen within 1 hour before attempting to fall asleep","TertiaryAttribute":null,"Payload":{"QuestionText":"I use a blue-filter app on my computer screen within 1 hour before attempting to fall asleep","DefaultChoices":false,"QuestionType":"MC","Selector":"SAVR","SubSelector":"TX","Configuration":{"QuestionDescriptionOption":"UseText"},"QuestionDescription":"I use a blue-filter app on my computer screen within 1 hour before attempting to fall asleep","Choices":{"1":{"Display":"Never\/Does not apply\/I don\u2019t know"},"2":{"Display":"Rarely"},"3":{"Display":"Sometimes"},"4":{"Display":"Often"},"5":{"Display":"Always"}},"ChoiceOrder":[1,2,3,4,5],"Validation":{"Settings":{"ForceResponse":"ON","ForceResponseType":"ON","Type":"None"}},"GradingData":[],"Language":[],"NextChoiceId":6,"NextAnswerId":1,"QuestionText_Unsafe":"I use a blue-filter app on my computer screen within 1 hour before attempting to fall asleep","DataVisibility":{"Private":false,"Hidden":false},"DataExportTag":"Q14","QuestionID":"QID44"}},{"SurveyID":"SV_432DC8Dpesjwu7Y","Element":"SQ","PrimaryAttribute":"QID50","SecondaryAttribute":"I use an alarm with a dawn simulation light","TertiaryAttribute":null,"Payload":{"QuestionText":"I use an alarm with a dawn simulation light","DefaultChoices":false,"QuestionType":"MC","Selector":"SAVR","SubSelector":"TX","Configuration":{"QuestionDescriptionOption":"UseText"},"QuestionDescription":"I use an alarm with a dawn simulation light","Choices":{"1":{"Display":"Never\/Does not apply\/I don\u2019t know"},"2":{"Display":"Rarely"},"3":{"Display":"Sometimes"},"4":{"Display":"Often"},"5":{"Display":"Always"}},"ChoiceOrder":[1,2,3,4,5],"Validation":{"Settings":{"ForceResponse":"ON","ForceResponseType":"ON","Type":"None"}},"GradingData":[],"Language":[],"NextChoiceId":6,"NextAnswerId":1,"QuestionText_Unsafe":"I use an alarm with a dawn simulation light","DataVisibility":{"Private":false,"Hidden":false},"DataExportTag":"Q18","QuestionID":"QID50"}},{"SurveyID":"SV_432DC8Dpesjwu7Y","Element":"SQ","PrimaryAttribute":"QID48","SecondaryAttribute":"I use LEDs to create a healthy light environment","TertiaryAttribute":null,"Payload":{"QuestionText":"I use LEDs to create a healthy light environment","DefaultChoices":false,"QuestionType":"MC","Selector":"SAVR","SubSelector":"TX","Configuration":{"QuestionDescriptionOption":"UseText"},"QuestionDescription":"I use LEDs to create a healthy light environment","Choices":{"1":{"Display":"Never\/Does not apply\/I don\u2019t know"},"2":{"Display":"Rarely"},"3":{"Display":"Sometimes"},"4":{"Display":"Often"},"5":{"Display":"Always"}},"ChoiceOrder":[1,2,3,4,5],"Validation":{"Settings":{"ForceResponse":"ON","ForceResponseType":"ON","Type":"None"}},"GradingData":[],"Language":[],"NextChoiceId":6,"NextAnswerId":1,"QuestionText_Unsafe":"I use LEDs to create a healthy light environment","DataVisibility":{"Private":false,"Hidden":false},"DataExportTag":"Q17","QuestionID":"QID48"}},{"SurveyID":"SV_432DC8Dpesjwu7Y","Element":"SQ","PrimaryAttribute":"QID38","SecondaryAttribute":"I use my mobile phone within 1 hour before attempting to fall asleep","TertiaryAttribute":null,"Payload":{"QuestionText":"I use my mobile phone within 1 hour before attempting to fall asleep","DefaultChoices":false,"QuestionType":"MC","Selector":"SAVR","SubSelector":"TX","Configuration":{"QuestionDescriptionOption":"UseText"},"QuestionDescription":"I use my mobile phone within 1 hour before attempting to fall asleep","Choices":{"1":{"Display":"Never\/Does not apply\/I don\u2019t know"},"2":{"Display":"Rarely"},"3":{"Display":"Sometimes"},"4":{"Display":"Often"},"5":{"Display":"Always"}},"ChoiceOrder":[1,2,3,4,5],"Validation":{"Settings":{"ForceResponse":"ON","ForceResponseType":"ON","Type":"None"}},"GradingData":[],"Language":[],"NextChoiceId":6,"NextAnswerId":1,"QuestionText_Unsafe":"I use my mobile phone within 1 hour before attempting to fall asleep","DataVisibility":{"Private":false,"Hidden":false},"DataExportTag":"Q10","QuestionID":"QID38"}},{"SurveyID":"SV_432DC8Dpesjwu7Y","Element":"SQ","PrimaryAttribute":"QID47","SecondaryAttribute":"I use tunable lights to create a healthy light environment","TertiaryAttribute":null,"Payload":{"QuestionText":"I use tunable lights to create a healthy light environment","DefaultChoices":false,"QuestionType":"MC","Selector":"SAVR","SubSelector":"TX","Configuration":{"QuestionDescriptionOption":"UseText"},"QuestionDescription":"I use tunable lights to create a healthy light environment","Choices":{"1":{"Display":"Never\/Does not apply\/I don\u2019t know"},"2":{"Display":"Rarely"},"3":{"Display":"Sometimes"},"4":{"Display":"Often"},"5":{"Display":"Always"}},"ChoiceOrder":[1,2,3,4,5],"Validation":{"Settings":{"ForceResponse":"ON","ForceResponseType":"ON","Type":"None"}},"GradingData":[],"Language":[],"NextChoiceId":6,"NextAnswerId":1,"QuestionText_Unsafe":"I use tunable lights to create a healthy light environment","DataVisibility":{"Private":false,"Hidden":false},"DataExportTag":"Q16","QuestionID":"QID47"}},{"SurveyID":"SV_432DC8Dpesjwu7Y","Element":"SQ","PrimaryAttribute":"QID29","SecondaryAttribute":"I wear blue-filtering, orange-tinted, and\/or red-tinted glasses indoors during the day","TertiaryAttribute":null,"Payload":{"QuestionText":"I wear blue-filtering, orange-tinted, and\/or red-tinted glasses indoors during the day","DefaultChoices":false,"QuestionType":"MC","Selector":"SAVR","SubSelector":"TX","Configuration":{"QuestionDescriptionOption":"UseText"},"QuestionDescription":"I wear blue-filtering, orange-tinted, and\/or red-tinted glasses indoors during the day","Choices":{"1":{"Display":"Never\/Does not apply\/I don\u2019t know"},"2":{"Display":"Rarely"},"3":{"Display":"Sometimes"},"4":{"Display":"Often"},"5":{"Display":"Always"}},"ChoiceOrder":[1,2,3,4,5],"Validation":{"Settings":{"ForceResponse":"ON","ForceResponseType":"ON","Type":"None"}},"GradingData":[],"Language":[],"NextChoiceId":6,"NextAnswerId":1,"QuestionText_Unsafe":"I wear blue-filtering, orange-tinted, and\/or red-tinted glasses indoors during the day","DataVisibility":{"Private":false,"Hidden":false},"DataExportTag":"Q2","QuestionID":"QID29"}},{"SurveyID":"SV_432DC8Dpesjwu7Y","Element":"SQ","PrimaryAttribute":"QID30","SecondaryAttribute":"I wear blue-filtering, orange-tinted, and\/or red-tinted glasses outdoors during the day","TertiaryAttribute":null,"Payload":{"QuestionText":"I wear blue-filtering, orange-tinted, and\/or red-tinted glasses outdoors during the day","DefaultChoices":false,"QuestionType":"MC","Selector":"SAVR","SubSelector":"TX","Configuration":{"QuestionDescriptionOption":"UseText"},"QuestionDescription":"I wear blue-filtering, orange-tinted, and\/or red-tinted glasses outdoors during the day","Choices":{"1":{"Display":"Never\/Does not apply\/I don\u2019t know"},"2":{"Display":"Rarely"},"3":{"Display":"Sometimes"},"4":{"Display":"Often"},"5":{"Display":"Always"}},"ChoiceOrder":[1,2,3,4,5],"Validation":{"Settings":{"ForceResponse":"ON","ForceResponseType":"ON","Type":"None"}},"GradingData":[],"Language":[],"NextChoiceId":6,"NextAnswerId":1,"QuestionText_Unsafe":"I wear blue-filtering, orange-tinted, and\/or red-tinted glasses outdoors during the day","DataVisibility":{"Private":false,"Hidden":false},"DataExportTag":"Q3","QuestionID":"QID30"}},{"SurveyID":"SV_432DC8Dpesjwu7Y","Element":"SQ","PrimaryAttribute":"QID31","SecondaryAttribute":"I wear blue-filtering, orange-tinted, and\/or red-tinted glasses within 1 hour before attempting t...","TertiaryAttribute":null,"Payload":{"QuestionText":"I wear blue-filtering, orange-tinted, and\/or red-tinted glasses within 1 hour before attempting to fall asleep","DefaultChoices":false,"QuestionType":"MC","Selector":"SAVR","SubSelector":"TX","Configuration":{"QuestionDescriptionOption":"UseText"},"QuestionDescription":"I wear blue-filtering, orange-tinted, and\/or red-tinted glasses within 1 hour before attempting t...","Choices":{"1":{"Display":"Never\/Does not apply\/I don\u2019t know"},"2":{"Display":"Rarely"},"3":{"Display":"Sometimes"},"4":{"Display":"Often"},"5":{"Display":"Always"}},"ChoiceOrder":[1,2,3,4,5],"Validation":{"Settings":{"ForceResponse":"ON","ForceResponseType":"ON","Type":"None"}},"GradingData":[],"Language":[],"NextChoiceId":6,"NextAnswerId":1,"QuestionText_Unsafe":"I wear blue-filtering, orange-tinted, and\/or red-tinted glasses within 1 hour before attempting to fall asleep","DataVisibility":{"Private":false,"Hidden":false},"DataExportTag":"Q4","QuestionID":"QID31"}},{"SurveyID":"SV_432DC8Dpesjwu7Y","Element":"SQ","PrimaryAttribute":"QID28","SecondaryAttribute":"Please indicate how often you performed the following behaviours in the past 4 weeks","TertiaryAttribute":null,"Payload":{"QuestionText":"Please indicate how often you performed the following behaviours in the<strong> past 4 weeks<\/strong>","DefaultChoices":false,"QuestionType":"DB","Selector":"TB","Configuration":{"QuestionDescriptionOption":"UseText"},"QuestionDescription":"Please indicate how often you performed the following behaviours in the past 4 weeks","ChoiceOrder":[],"Validation":{"Settings":{"Type":"None"}},"GradingData":[],"Language":[],"NextChoiceId":4,"NextAnswerId":1,"QuestionText_Unsafe":"Please indicate how often you performed the following behaviours in the<strong> past 4 weeks<\/strong>","DataExportTag":"Q1","QuestionID":"QID28"}}]}